# This file is automatically @generated by Cargo.
# It is not intended for manual editing.
version = 4

[[package]]
name = "bymax-auth"
version = "0.0.0"

[[package]]
name = "bymax-auth-axum"
version = "0.0.0"

[[package]]
name = "bymax-auth-client"
version = "0.0.0"

[[package]]
name = "bymax-auth-core"
version = "0.0.0"

[[package]]
name = "bymax-auth-crypto"
version = "0.0.0"

[[package]]
name = "bymax-auth-jwt"
version = "0.0.0"

[[package]]
name = "bymax-auth-redis"
version = "0.0.0"

[[package]]
name = "bymax-auth-types"
version = "0.0.0"

[[package]]
name = "bymax-auth-wasm"
version = "0.0.0"
